lockfileVersion: '9.0'

settings:
  autoInstallPeers: true
  excludeLinksFromLockfile: false

importers:

  .:
    devDependencies:
      '@rbxts/compiler-types':
        specifier: 3.0.0-types.0
        version: 3.0.0-types.0
      '@rbxts/types':
        specifier: 1.0.810
        version: 1.0.810
      typescript:
        specifier: 5.5.3
        version: 5.5.3

packages:

  '@rbxts/compiler-types@3.0.0-types.0':
    resolution: {integrity: sha512-VGOHJPoL7+56NTatMGqQj3K7xWuzEV+aP4QD5vZiHu+bcff3kiTmtoadaF6NkJrmwfFAvbsd4Dg764ZjWNceag==}

  '@rbxts/types@1.0.810':
    resolution: {integrity: sha512-N9jLmuKsDxE9VR1lIp7MhWO0nS7O6DxNExpBVjH95U+B8dLAfrj2bRlQa96x7+jv5RDOLwX1zIbABe2h3quK+g==}

  typescript@5.5.3:
    resolution: {integrity: sha512-/hreyEujaB0w76zKo6717l3L0o/qEUtRgdvUBvlkhoWeOVMjMuHNHk0BRBzikzuGDqNmPQbg5ifMEqsHLiIUcQ==}
    engines: {node: '>=14.17'}
    hasBin: true

snapshots:

  '@rbxts/compiler-types@3.0.0-types.0': {}

  '@rbxts/types@1.0.810': {}

  typescript@5.5.3: {}
